DEPENDENCIES
  apt (~> 5.0)
  minitest-handler
  mysql_test
    path: test/cookbooks/mysql_test
  mysqlx
    path: .
    metadata: true
  yum (~> 2.0)

GRAPH
  apt (5.1.0)
    compat_resource (>= 12.16.3)
  build-essential (8.2.1)
    mingw (>= 1.1)
    seven_zip (>= 0.0.0)
  chef_handler (3.0.3)
  compat_resource (12.19.1)
  database (6.1.1)
    postgresql (>= 1.0.0)
  homebrew (5.0.8)
  mingw (2.1.0)
    seven_zip (>= 0.0.0)
  minitest-handler (1.5.1)
    chef_handler (>= 0.0.0)
  mysql_test (0.1.0)
    database (>= 0.0.0)
    mysqlx (>= 0.0.0)
    yum (< 3.0)
  mysqlx (5.0.0)
    build-essential (~> 8.1)
    homebrew (>= 0.0.0)
    openssl (~> 1.1)
    windows (>= 0.0.0)
  openssl (1.1.0)
  postgresql (7.1.4)
  seven_zip (3.1.0)
    windows (>= 0.0.0)
  windows (6.0.0)
  yum (2.4.4)
